
Microsoft Visual Studio Solution File, Format Version 12.00
# Visual Studio Version 17
VisualStudioVersion = 17.2.32616.157
MinimumVisualStudioVersion = 10.0.40219.1
Project("{FAE04EC0-301F-11D3-BF4B-00C04F79EFBC}") = "Serialization", "Serialization\Serialization.csproj", "{41C82BE3-D9E3-47E5-8F70-C4D7CC9FF80B}"
	ProjectSection(ProjectDependencies) = postProject
		{A19AB02F-9FA6-4FCB-A91A-2F4E48A78322} = {A19AB02F-9FA6-4FCB-A91A-2F4E48A78322}
	EndProjectSection
EndProject
Project("{FAE04EC0-301F-11D3-BF4B-00C04F79EFBC}") = "Demo1", "Demo1\Demo1.csproj", "{A19AB02F-9FA6-4FCB-A91A-2F4E48A78322}"
EndProject
Global
	GlobalSection(SolutionConfigurationPlatforms) = preSolution
		Debug|Any CPU = Debug|Any CPU
		Release|Any CPU = Release|Any CPU
	EndGlobalSection
	GlobalSection(ProjectConfigurationPlatforms) = postSolution
		{41C82BE3-D9E3-47E5-8F70-C4D7CC9FF80B}.Debug|Any CPU.ActiveCfg = Debug|Any CPU
		{41C82BE3-D9E3-47E5-8F70-C4D7CC9FF80B}.Debug|Any CPU.Build.0 = Debug|Any CPU
		{41C82BE3-D9E3-47E5-8F70-C4D7CC9FF80B}.Release|Any CPU.ActiveCfg = Release|Any CPU
		{41C82BE3-D9E3-47E5-8F70-C4D7CC9FF80B}.Release|Any CPU.Build.0 = Release|Any CPU
		{A19AB02F-9FA6-4FCB-A91A-2F4E48A78322}.Debug|Any CPU.ActiveCfg = Debug|Any CPU
		{A19AB02F-9FA6-4FCB-A91A-2F4E48A78322}.Debug|Any CPU.Build.0 = Debug|Any CPU
		{A19AB02F-9FA6-4FCB-A91A-2F4E48A78322}.Release|Any CPU.ActiveCfg = Release|Any CPU
		{A19AB02F-9FA6-4FCB-A91A-2F4E48A78322}.Release|Any CPU.Build.0 = Release|Any CPU
	EndGlobalSection
	GlobalSection(SolutionProperties) = preSolution
		HideSolutionNode = FALSE
	EndGlobalSection
	GlobalSection(ExtensibilityGlobals) = postSolution
		SolutionGuid = {1EF2961C-AE2D-4DED-B23E-A1A19EC82A3B}
	EndGlobalSection
EndGlobal
